
Microsoft Visual Studio Solution File, Format Version 12.00
# Visual Studio 14
VisualStudioVersion = 14.0.25420.1
MinimumVisualStudioVersion = 10.0.40219.1
Project("{FAE04EC0-301F-11D3-BF4B-00C04F79EFBC}") = "HW12_Threading_WinForm", "HW12_Threading_WinForm\HW12_Threading_WinForm.csproj", "{4997F285-F551-401A-8506-015A01EDC8C3}"
EndProject
Global
	GlobalSection(SolutionConfigurationPlatforms) = preSolution
		Debug|Any CPU = Debug|Any CPU
		Release|Any CPU = Release|Any CPU
	EndGlobalSection
	GlobalSection(ProjectConfigurationPlatforms) = postSolution
		{4997F285-F551-401A-8506-015A01EDC8C3}.Debug|Any CPU.ActiveCfg = Debug|Any CPU
		{4997F285-F551-401A-8506-015A01EDC8C3}.Debug|Any CPU.Build.0 = Debug|Any CPU
		{4997F285-F551-401A-8506-015A01EDC8C3}.Release|Any CPU.ActiveCfg = Release|Any CPU
		{4997F285-F551-401A-8506-015A01EDC8C3}.Release|Any CPU.Build.0 = Release|Any CPU
	EndGlobalSection
	GlobalSection(SolutionProperties) = preSolution
		HideSolutionNode = FALSE
	EndGlobalSection
EndGlobal
