
Microsoft Visual Studio Solution File, Format Version 12.00
# Visual Studio 14
VisualStudioVersion = 14.0.25420.1
MinimumVisualStudioVersion = 10.0.40219.1
Project("{FAE04EC0-301F-11D3-BF4B-00C04F79EFBC}") = "HW4_Spreadsheet", "HW4_Spreadsheet\HW4_Spreadsheet.csproj", "{20A03284-A6B5-4ADF-BD61-2F3BA5FC9416}"
EndProject
Project("{FAE04EC0-301F-11D3-BF4B-00C04F79EFBC}") = "SpreadsheetEngine", "SpreadsheetEngine\SpreadsheetEngine.csproj", "{1FA9D385-87C9-4F2F-AA6C-C76DC25D27BC}"
EndProject
Global
	GlobalSection(SolutionConfigurationPlatforms) = preSolution
		Debug|Any CPU = Debug|Any CPU
		Release|Any CPU = Release|Any CPU
	EndGlobalSection
	GlobalSection(ProjectConfigurationPlatforms) = postSolution
		{20A03284-A6B5-4ADF-BD61-2F3BA5FC9416}.Debug|Any CPU.ActiveCfg = Debug|Any CPU
		{20A03284-A6B5-4ADF-BD61-2F3BA5FC9416}.Debug|Any CPU.Build.0 = Debug|Any CPU
		{20A03284-A6B5-4ADF-BD61-2F3BA5FC9416}.Release|Any CPU.ActiveCfg = Release|Any CPU
		{20A03284-A6B5-4ADF-BD61-2F3BA5FC9416}.Release|Any CPU.Build.0 = Release|Any CPU
		{1FA9D385-87C9-4F2F-AA6C-C76DC25D27BC}.Debug|Any CPU.ActiveCfg = Debug|Any CPU
		{1FA9D385-87C9-4F2F-AA6C-C76DC25D27BC}.Debug|Any CPU.Build.0 = Debug|Any CPU
		{1FA9D385-87C9-4F2F-AA6C-C76DC25D27BC}.Release|Any CPU.ActiveCfg = Release|Any CPU
		{1FA9D385-87C9-4F2F-AA6C-C76DC25D27BC}.Release|Any CPU.Build.0 = Release|Any CPU
	EndGlobalSection
	GlobalSection(SolutionProperties) = preSolution
		HideSolutionNode = FALSE
	EndGlobalSection
EndGlobal
